{
  "name": "robloxhandlecloser",
  "version": "1.0.0",
  "lockfileVersion": 1,
  "requires": true,
  "dependencies": {
    "spawn-please": {
      "version": "1.0.0",
      "resolved": "https://registry.npmjs.org/spawn-please/-/spawn-please-1.0.0.tgz",
      "integrity": "sha512-Kz33ip6NRNKuyTRo3aDWyWxeGeM0ORDO552Fs6E1nj4pLWPkl37SrRtTnq+MEopVaqgmaO6bAvVS+v64BJ5M/A=="
    }
  }
}
